
Microsoft Visual Studio Solution File, Format Version 12.00
# Visual Studio Version 16
VisualStudioVersion = 16.0.30204.135
MinimumVisualStudioVersion = 10.0.40219.1
Project("{9A19103F-16F7-4668-BE54-9A1E7A4F7556}") = "CinemaHall", "ConsoleApp19\CinemaHall.csproj", "{023DC80E-5D7B-418C-99B4-8D5AC9995899}"
EndProject
Global
	GlobalSection(SolutionConfigurationPlatforms) = preSolution
		Debug|Any CPU = Debug|Any CPU
		Release|Any CPU = Release|Any CPU
	EndGlobalSection
	GlobalSection(ProjectConfigurationPlatforms) = postSolution
		{023DC80E-5D7B-418C-99B4-8D5AC9995899}.Debug|Any CPU.ActiveCfg = Debug|Any CPU
		{023DC80E-5D7B-418C-99B4-8D5AC9995899}.Debug|Any CPU.Build.0 = Debug|Any CPU
		{023DC80E-5D7B-418C-99B4-8D5AC9995899}.Release|Any CPU.ActiveCfg = Release|Any CPU
		{023DC80E-5D7B-418C-99B4-8D5AC9995899}.Release|Any CPU.Build.0 = Release|Any CPU
	EndGlobalSection
	GlobalSection(SolutionProperties) = preSolution
		HideSolutionNode = FALSE
	EndGlobalSection
	GlobalSection(ExtensibilityGlobals) = postSolution
		SolutionGuid = {148B15D7-7286-4C19-B683-7B03EFEFCEBD}
	EndGlobalSection
EndGlobal
